
Microsoft Visual Studio Solution File, Format Version 12.00
# Visual Studio Version 17
VisualStudioVersion = 17.9.34607.119
MinimumVisualStudioVersion = 10.0.40219.1
Project("{FAE04EC0-301F-11D3-BF4B-00C04F79EFBC}") = "Task 1", "Task 1.csproj", "{E6F6A31C-3529-4061-8B6A-391F0175CA6A}"
EndProject
Global
	GlobalSection(SolutionConfigurationPlatforms) = preSolution
		Debug|Any CPU = Debug|Any CPU
		Release|Any CPU = Release|Any CPU
	EndGlobalSection
	GlobalSection(ProjectConfigurationPlatforms) = postSolution
		{E6F6A31C-3529-4061-8B6A-391F0175CA6A}.Debug|Any CPU.ActiveCfg = Debug|Any CPU
		{E6F6A31C-3529-4061-8B6A-391F0175CA6A}.Debug|Any CPU.Build.0 = Debug|Any CPU
		{E6F6A31C-3529-4061-8B6A-391F0175CA6A}.Release|Any CPU.ActiveCfg = Release|Any CPU
		{E6F6A31C-3529-4061-8B6A-391F0175CA6A}.Release|Any CPU.Build.0 = Release|Any CPU
	EndGlobalSection
	GlobalSection(SolutionProperties) = preSolution
		HideSolutionNode = FALSE
	EndGlobalSection
	GlobalSection(ExtensibilityGlobals) = postSolution
		SolutionGuid = {D2C58223-3371-4260-B9A6-C17834B8F588}
	EndGlobalSection
EndGlobal
